
Microsoft Visual Studio Solution File, Format Version 12.00
# Visual Studio Version 16
VisualStudioVersion = 25.0.1705.3
MinimumVisualStudioVersion = 10.0.40219.1
Project("{FAE04EC0-301F-11D3-BF4B-00C04F79EFBC}") = "first", "first\first.csproj", "{94184EC7-5D55-4112-ACDE-6DBE54CEBFB9}"
EndProject
Global
	GlobalSection(SolutionConfigurationPlatforms) = preSolution
		Debug|Any CPU = Debug|Any CPU
		Release|Any CPU = Release|Any CPU
	EndGlobalSection
	GlobalSection(ProjectConfigurationPlatforms) = postSolution
		{94184EC7-5D55-4112-ACDE-6DBE54CEBFB9}.Debug|Any CPU.ActiveCfg = Debug|Any CPU
		{94184EC7-5D55-4112-ACDE-6DBE54CEBFB9}.Debug|Any CPU.Build.0 = Debug|Any CPU
		{94184EC7-5D55-4112-ACDE-6DBE54CEBFB9}.Release|Any CPU.ActiveCfg = Release|Any CPU
		{94184EC7-5D55-4112-ACDE-6DBE54CEBFB9}.Release|Any CPU.Build.0 = Release|Any CPU
	EndGlobalSection
	GlobalSection(SolutionProperties) = preSolution
		HideSolutionNode = FALSE
	EndGlobalSection
	GlobalSection(ExtensibilityGlobals) = postSolution
		SolutionGuid = {29157327-1175-47A3-B3C8-134BE908D157}
	EndGlobalSection
EndGlobal
